
Microsoft Visual Studio Solution File, Format Version 12.00
# Visual Studio 15
VisualStudioVersion = 15.0.28010.2048
MinimumVisualStudioVersion = 10.0.40219.1
Project("{00D1A9C2-B5F0-4AF3-8072-F6C62B433612}") = "Voter.DB", "Voter.DB\Voter.DB.sqlproj", "{AA854F69-26E9-450D-87D1-00B826419DE4}"
EndProject
Project("{2150E333-8FDC-42A3-9474-1A3956D46DE8}") = "Solution Items", "Solution Items", "{5D5EEB20-DA48-4A6C-B091-17497B16EE2C}"
	ProjectSection(SolutionItems) = preProject
		CHANGELOG.md = CHANGELOG.md
		README.md = README.md
	EndProjectSection
EndProject
Project("{FAE04EC0-301F-11D3-BF4B-00C04F79EFBC}") = "Voter.DB.Test", "Voter.DB.Test\Voter.DB.Test.csproj", "{707B521B-3F58-4E7F-BF6B-0BAD4BDEA2A3}"
EndProject
Project("{FAE04EC0-301F-11D3-BF4B-00C04F79EFBC}") = "Voter.DAL.EF6", "Voter.DAL.EF6\Voter.DAL.EF6.csproj", "{6B7BDBEC-2E76-46BE-9E29-DF51365EA285}"
EndProject
Project("{FAE04EC0-301F-11D3-BF4B-00C04F79EFBC}") = "Voter.Admin.UI.WinForms", "Voter.Admin.UI.WinForms\Voter.Admin.UI.WinForms.csproj", "{F747CAD2-7840-4F0C-915F-4155F8F61249}"
EndProject
Global
	GlobalSection(SolutionConfigurationPlatforms) = preSolution
		Debug|Any CPU = Debug|Any CPU
		Release|Any CPU = Release|Any CPU
	EndGlobalSection
	GlobalSection(ProjectConfigurationPlatforms) = postSolution
		{AA854F69-26E9-450D-87D1-00B826419DE4}.Debug|Any CPU.ActiveCfg = Debug|Any CPU
		{AA854F69-26E9-450D-87D1-00B826419DE4}.Debug|Any CPU.Build.0 = Debug|Any CPU
		{AA854F69-26E9-450D-87D1-00B826419DE4}.Debug|Any CPU.Deploy.0 = Debug|Any CPU
		{AA854F69-26E9-450D-87D1-00B826419DE4}.Release|Any CPU.ActiveCfg = Release|Any CPU
		{AA854F69-26E9-450D-87D1-00B826419DE4}.Release|Any CPU.Build.0 = Release|Any CPU
		{AA854F69-26E9-450D-87D1-00B826419DE4}.Release|Any CPU.Deploy.0 = Release|Any CPU
		{707B521B-3F58-4E7F-BF6B-0BAD4BDEA2A3}.Debug|Any CPU.ActiveCfg = Debug|Any CPU
		{707B521B-3F58-4E7F-BF6B-0BAD4BDEA2A3}.Debug|Any CPU.Build.0 = Debug|Any CPU
		{707B521B-3F58-4E7F-BF6B-0BAD4BDEA2A3}.Release|Any CPU.ActiveCfg = Release|Any CPU
		{707B521B-3F58-4E7F-BF6B-0BAD4BDEA2A3}.Release|Any CPU.Build.0 = Release|Any CPU
		{6B7BDBEC-2E76-46BE-9E29-DF51365EA285}.Debug|Any CPU.ActiveCfg = Debug|Any CPU
		{6B7BDBEC-2E76-46BE-9E29-DF51365EA285}.Debug|Any CPU.Build.0 = Debug|Any CPU
		{6B7BDBEC-2E76-46BE-9E29-DF51365EA285}.Release|Any CPU.ActiveCfg = Release|Any CPU
		{6B7BDBEC-2E76-46BE-9E29-DF51365EA285}.Release|Any CPU.Build.0 = Release|Any CPU
		{F747CAD2-7840-4F0C-915F-4155F8F61249}.Debug|Any CPU.ActiveCfg = Debug|Any CPU
		{F747CAD2-7840-4F0C-915F-4155F8F61249}.Debug|Any CPU.Build.0 = Debug|Any CPU
		{F747CAD2-7840-4F0C-915F-4155F8F61249}.Release|Any CPU.ActiveCfg = Release|Any CPU
		{F747CAD2-7840-4F0C-915F-4155F8F61249}.Release|Any CPU.Build.0 = Release|Any CPU
	EndGlobalSection
	GlobalSection(SolutionProperties) = preSolution
		HideSolutionNode = FALSE
	EndGlobalSection
	GlobalSection(ExtensibilityGlobals) = postSolution
		SolutionGuid = {90C3024A-79DB-4DBC-8587-5493230BFB70}
	EndGlobalSection
EndGlobal
